
Microsoft Visual Studio Solution File, Format Version 12.00
# Visual Studio Version 16
VisualStudioVersion = 16.0.31613.86
MinimumVisualStudioVersion = 10.0.40219.1
Project("{FAE04EC0-301F-11D3-BF4B-00C04F79EFBC}") = "KalkulatorProj", "KalkulatorProj.csproj", "{C7321509-3A77-491B-B2C5-472C2645946F}"
EndProject
Global
	GlobalSection(SolutionConfigurationPlatforms) = preSolution
		Debug|Any CPU = Debug|Any CPU
		Release|Any CPU = Release|Any CPU
	EndGlobalSection
	GlobalSection(ProjectConfigurationPlatforms) = postSolution
		{C7321509-3A77-491B-B2C5-472C2645946F}.Debug|Any CPU.ActiveCfg = Debug|Any CPU
		{C7321509-3A77-491B-B2C5-472C2645946F}.Debug|Any CPU.Build.0 = Debug|Any CPU
		{C7321509-3A77-491B-B2C5-472C2645946F}.Release|Any CPU.ActiveCfg = Release|Any CPU
		{C7321509-3A77-491B-B2C5-472C2645946F}.Release|Any CPU.Build.0 = Release|Any CPU
	EndGlobalSection
	GlobalSection(SolutionProperties) = preSolution
		HideSolutionNode = FALSE
	EndGlobalSection
	GlobalSection(ExtensibilityGlobals) = postSolution
		SolutionGuid = {86AE67FC-FBFE-4E28-8C87-779F334F6BAD}
	EndGlobalSection
EndGlobal
